// !$*UTF8*$!
{
	archiveVersion = 1;
	classes = {
	};
	objectVersion = 46;
	objects = {

/* Begin PBXBuildFile section */
		19BE31A5228912A3A974A0CA /* libPods-Runtime封装.a in Frameworks */ = {isa = PBXBuildFile; fileRef = B74D65028069D1D0DAC9C6AF /* libPods-Runtime封装.a */; };
		84C4B30E1EE91F4200A2E3DD /* main.m in Sources */ = {isa = PBXBuildFile; fileRef = 84C4B30D1EE91F4200A2E3DD /* main.m */; };
		84C4B3111EE91F4200A2E3DD /* AppDelegate.m in Sources */ = {isa = PBXBuildFile; fileRef = 84C4B3101EE91F4200A2E3DD /* AppDelegate.m */; };
		84C4B3141EE91F4200A2E3DD /* ViewController.m in Sources */ = {isa = PBXBuildFile; fileRef = 84C4B3131EE91F4200A2E3DD /* ViewController.m */; };
		84C4B3171EE91F4200A2E3DD /* Main.storyboard in Resources */ = {isa = PBXBuildFile; fileRef = 84C4B3151EE91F4200A2E3DD /* Main.storyboard */; };
		84C4B3191EE91F4200A2E3DD /* Assets.xcassets in Resources */ = {isa = PBXBuildFile; fileRef = 84C4B3181EE91F4200A2E3DD /* Assets.xcassets */; };
		84C4B31C1EE91F4200A2E3DD /* LaunchScreen.storyboard in Resources */ = {isa = PBXBuildFile; fileRef = 84C4B31A1EE91F4200A2E3DD /* LaunchScreen.storyboard */; };
		84E67F741EE92740008851C2 /* UILabel+SATextColor.m in Sources */ = {isa = PBXBuildFile; fileRef = 84E67F711EE92740008851C2 /* UILabel+SATextColor.m */; };
		84E67F751EE92740008851C2 /* UIViewController+swizzling.m in Sources */ = {isa = PBXBuildFile; fileRef = 84E67F731EE92740008851C2 /* UIViewController+swizzling.m */; };
/* End PBXBuildFile section */

/* Begin PBXFileReference section */
		01C80BA74C736539CF99DA31 /* Pods-Runtime封装.release.xcconfig */ = {isa = PBXFileReference; includeInIndex = 1; lastKnownFileType = text.xcconfig; name = "Pods-Runtime封装.release.xcconfig"; path = "Pods/Target Support Files/Pods-Runtime封装/Pods-Runtime封装.release.xcconfig"; sourceTree = "<group>"; };
		29E7705789D5B60272576102 /* Pods-Runtime封装.debug.xcconfig */ = {isa = PBXFileReference; includeInIndex = 1; lastKnownFileType = text.xcconfig; name = "Pods-Runtime封装.debug.xcconfig"; path = "Pods/Target Support Files/Pods-Runtime封装/Pods-Runtime封装.debug.xcconfig"; sourceTree = "<group>"; };
		84C4B3091EE91F4200A2E3DD /* Runtime封装.app */ = {isa = PBXFileReference; explicitFileType = wrapper.application; includeInIndex = 0; path = "Runtime封装.app"; sourceTree = BUILT_PRODUCTS_DIR; };
		84C4B30D1EE91F4200A2E3DD /* main.m */ = {isa = PBXFileReference; lastKnownFileType = sourcecode.c.objc; path = main.m; sourceTree = "<group>"; };
		84C4B30F1EE91F4200A2E3DD /* AppDelegate.h */ = {isa = PBXFileReference; lastKnownFileType = sourcecode.c.h; path = AppDelegate.h; sourceTree = "<group>"; };
		84C4B3101EE91F4200A2E3DD /* AppDelegate.m */ = {isa = PBXFileReference; lastKnownFileType = sourcecode.c.objc; path = AppDelegate.m; sourceTree = "<group>"; };
		84C4B3121EE91F4200A2E3DD /* ViewController.h */ = {isa = PBXFileReference; lastKnownFileType = sourcecode.c.h; path = ViewController.h; sourceTree = "<group>"; };
		84C4B3131EE91F4200A2E3DD /* ViewController.m */ = {isa = PBXFileReference; lastKnownFileType = sourcecode.c.objc; path = ViewController.m; sourceTree = "<group>"; };
		84C4B3161EE91F4200A2E3DD /* Base */ = {isa = PBXFileReference; lastKnownFileType = file.storyboard; name = Base; path = Base.lproj/Main.storyboard; sourceTree = "<group>"; };
		84C4B3181EE91F4200A2E3DD /* Assets.xcassets */ = {isa = PBXFileReference; lastKnownFileType = folder.assetcatalog; path = Assets.xcassets; sourceTree = "<group>"; };
		84C4B31B1EE91F4200A2E3DD /* Base */ = {isa = PBXFileReference; lastKnownFileType = file.storyboard; name = Base; path = Base.lproj/LaunchScreen.storyboard; sourceTree = "<group>"; };
		84C4B31D1EE91F4200A2E3DD /* Info.plist */ = {isa = PBXFileReference; lastKnownFileType = text.plist.xml; path = Info.plist; sourceTree = "<group>"; };
		84E67F701EE92740008851C2 /* UILabel+SATextColor.h */ = {isa = PBXFileReference; fileEncoding = 4; lastKnownFileType = sourcecode.c.h; path = "UILabel+SATextColor.h"; sourceTree = "<group>"; };
		84E67F711EE92740008851C2 /* UILabel+SATextColor.m */ = {isa = PBXFileReference; fileEncoding = 4; lastKnownFileType = sourcecode.c.objc; path = "UILabel+SATextColor.m"; sourceTree = "<group>"; };
		84E67F721EE92740008851C2 /* UIViewController+swizzling.h */ = {isa = PBXFileReference; fileEncoding = 4; lastKnownFileType = sourcecode.c.h; path = "UIViewController+swizzling.h"; sourceTree = "<group>"; };
		84E67F731EE92740008851C2 /* UIViewController+swizzling.m */ = {isa = PBXFileReference; fileEncoding = 4; lastKnownFileType = sourcecode.c.objc; path = "UIViewController+swizzling.m"; sourceTree = "<group>"; };
		B74D65028069D1D0DAC9C6AF /* libPods-Runtime封装.a */ = {isa = PBXFileReference; explicitFileType = archive.ar; includeInIndex = 0; path = "libPods-Runtime封装.a"; sourceTree = BUILT_PRODUCTS_DIR; };
/* End PBXFileReference section */

/* Begin PBXFrameworksBuildPhase section */
		84C4B3061EE91F4200A2E3DD /* Frameworks */ = {
			isa = PBXFrameworksBuildPhase;
			buildActionMask = 2147483647;
			files = (
				19BE31A5228912A3A974A0CA /* libPods-Runtime封装.a in Frameworks */,
			);
			runOnlyForDeploymentPostprocessing = 0;
		};
/* End PBXFrameworksBuildPhase section */

/* Begin PBXGroup section */
		26F607D4F02BC6C34C9265E4 /* Frameworks */ = {
			isa = PBXGroup;
			children = (
				B74D65028069D1D0DAC9C6AF /* libPods-Runtime封装.a */,
			);
			name = Frameworks;
			sourceTree = "<group>";
		};
		84C4B3001EE91F4200A2E3DD = {
			isa = PBXGroup;
			children = (
				84C4B30B1EE91F4200A2E3DD /* Runtime封装 */,
				84C4B30A1EE91F4200A2E3DD /* Products */,
				F48BEA1F20CB0A479A02C885 /* Pods */,
				26F607D4F02BC6C34C9265E4 /* Frameworks */,
			);
			sourceTree = "<group>";
		};
		84C4B30A1EE91F4200A2E3DD /* Products */ = {
			isa = PBXGroup;
			children = (
				84C4B3091EE91F4200A2E3DD /* Runtime封装.app */,
			);
			name = Products;
			sourceTree = "<group>";
		};
		84C4B30B1EE91F4200A2E3DD /* Runtime封装 */ = {
			isa = PBXGroup;
			children = (
				84C4B30F1EE91F4200A2E3DD /* AppDelegate.h */,
				84C4B3101EE91F4200A2E3DD /* AppDelegate.m */,
				84C4B3121EE91F4200A2E3DD /* ViewController.h */,
				84C4B3131EE91F4200A2E3DD /* ViewController.m */,
				84E67F701EE92740008851C2 /* UILabel+SATextColor.h */,
				84E67F711EE92740008851C2 /* UILabel+SATextColor.m */,
				84E67F721EE92740008851C2 /* UIViewController+swizzling.h */,
				84E67F731EE92740008851C2 /* UIViewController+swizzling.m */,
				84C4B3151EE91F4200A2E3DD /* Main.storyboard */,
				84C4B3181EE91F4200A2E3DD /* Assets.xcassets */,
				84C4B31A1EE91F4200A2E3DD /* LaunchScreen.storyboard */,
				84C4B31D1EE91F4200A2E3DD /* Info.plist */,
				84C4B30C1EE91F4200A2E3DD /* Supporting Files */,
			);
			path = "Runtime封装";
			sourceTree = "<group>";
		};
		84C4B30C1EE91F4200A2E3DD /* Supporting Files */ = {
			isa = PBXGroup;
			children = (
				84C4B30D1EE91F4200A2E3DD /* main.m */,
			);
			name = "Supporting Files";
			sourceTree = "<group>";
		};
		F48BEA1F20CB0A479A02C885 /* Pods */ = {
			isa = PBXGroup;
			children = (
				29E7705789D5B60272576102 /* Pods-Runtime封装.debug.xcconfig */,
				01C80BA74C736539CF99DA31 /* Pods-Runtime封装.release.xcconfig */,
			);
			name = Pods;
			sourceTree = "<group>";
		};
/* End PBXGroup section */

/* Begin PBXNativeTarget section */
		84C4B3081EE91F4200A2E3DD /* Runtime封装 */ = {
			isa = PBXNativeTarget;
			buildConfigurationList = 84C4B3201EE91F4200A2E3DD /* Build configuration list for PBXNativeTarget "Runtime封装" */;
			buildPhases = (
				68B639E8CA6BA222603FC1D8 /* [CP] Check Pods Manifest.lock */,
				84C4B3051EE91F4200A2E3DD /* Sources */,
				84C4B3061EE91F4200A2E3DD /* Frameworks */,
				84C4B3071EE91F4200A2E3DD /* Resources */,
				B52DB006376E4520131035DC /* [CP] Embed Pods Frameworks */,
				1E837947938A3791F88D7575 /* [CP] Copy Pods Resources */,
			);
			buildRules = (
			);
			dependencies = (
			);
			name = "Runtime封装";
			productName = "Runtime封装";
			productReference = 84C4B3091EE91F4200A2E3DD /* Runtime封装.app */;
			productType = "com.apple.product-type.application";
		};
/* End PBXNativeTarget section */

/* Begin PBXProject section */
		84C4B3011EE91F4200A2E3DD /* Project object */ = {
			isa = PBXProject;
			attributes = {
				LastUpgradeCheck = 0830;
				ORGANIZATIONNAME = "李磊";
				TargetAttributes = {
					84C4B3081EE91F4200A2E3DD = {
						CreatedOnToolsVersion = 8.3.2;
						ProvisioningStyle = Automatic;
					};
				};
			};
			buildConfigurationList = 84C4B3041EE91F4200A2E3DD /* Build configuration list for PBXProject "Runtime封装" */;
			compatibilityVersion = "Xcode 3.2";
			developmentRegion = English;
			hasScannedForEncodings = 0;
			knownRegions = (
				en,
				Base,
			);
			mainGroup = 84C4B3001EE91F4200A2E3DD;
			productRefGroup = 84C4B30A1EE91F4200A2E3DD /* Products */;
			projectDirPath = "";
			projectRoot = "";
			targets = (
				84C4B3081EE91F4200A2E3DD /* Runtime封装 */,
			);
		};
/* End PBXProject section */

/* Begin PBXResourcesBuildPhase section */
		84C4B3071EE91F4200A2E3DD /* Resources */ = {
			isa = PBXResourcesBuildPhase;
			buildActionMask = 2147483647;
			files = (
				84C4B31C1EE91F4200A2E3DD /* LaunchScreen.storyboard in Resources */,
				84C4B3191EE91F4200A2E3DD /* Assets.xcassets in Resources */,
				84C4B3171EE91F4200A2E3DD /* Main.storyboard in Resources */,
			);
			runOnlyForDeploymentPostprocessing = 0;
		};
/* End PBXResourcesBuildPhase section */

/* Begin PBXShellScriptBuildPhase section */
		1E837947938A3791F88D7575 /* [CP] Copy Pods Resources */ = {
			isa = PBXShellScriptBuildPhase;
			buildActionMask = 2147483647;
			files = (
			);
			inputPaths = (
			);
			name = "[CP] Copy Pods Resources";
			outputPaths = (
			);
			runOnlyForDeploymentPostprocessing = 0;
			shellPath = /bin/sh;
			shellScript = "\"${SRCROOT}/Pods/Target Support Files/Pods-Runtime封装/Pods-Runtime封装-resources.sh\"\n";
			showEnvVarsInLog = 0;
		};
		68B639E8CA6BA222603FC1D8 /* [CP] Check Pods Manifest.lock */ = {
			isa = PBXShellScriptBuildPhase;
			buildActionMask = 2147483647;
			files = (
			);
			inputPaths = (
			);
			name = "[CP] Check Pods Manifest.lock";
			outputPaths = (
			);
			runOnlyForDeploymentPostprocessing = 0;
			shellPath = /bin/sh;
			shellScript = "diff \"${PODS_PODFILE_DIR_PATH}/Podfile.lock\" \"${PODS_ROOT}/Manifest.lock\" > /dev/null\nif [ $? != 0 ] ; then\n    # print error to STDERR\n    echo \"error: The sandbox is not in sync with the Podfile.lock. Run 'pod install' or update your CocoaPods installation.\" >&2\n    exit 1\nfi\n";
			showEnvVarsInLog = 0;
		};
		B52DB006376E4520131035DC /* [CP] Embed Pods Frameworks */ = {
			isa = PBXShellScriptBuildPhase;
			buildActionMask = 2147483647;
			files = (
			);
			inputPaths = (
			);
			name = "[CP] Embed Pods Frameworks";
			outputPaths = (
			);
			runOnlyForDeploymentPostprocessing = 0;
			shellPath = /bin/sh;
			shellScript = "\"${SRCROOT}/Pods/Target Support Files/Pods-Runtime封装/Pods-Runtime封装-frameworks.sh\"\n";
			showEnvVarsInLog = 0;
		};
/* End PBXShellScriptBuildPhase section */

/* Begin PBXSourcesBuildPhase section */
		84C4B3051EE91F4200A2E3DD /* Sources */ = {
			isa = PBXSourcesBuildPhase;
			buildActionMask = 2147483647;
			files = (
				84C4B3141EE91F4200A2E3DD /* ViewController.m in Sources */,
				84E67F741EE92740008851C2 /* UILabel+SATextColor.m in Sources */,
				84E67F751EE92740008851C2 /* UIViewController+swizzling.m in Sources */,
				84C4B3111EE91F4200A2E3DD /* AppDelegate.m in Sources */,
				84C4B30E1EE91F4200A2E3DD /* main.m in Sources */,
			);
			runOnlyForDeploymentPostprocessing = 0;
		};
/* End PBXSourcesBuildPhase section */

/* Begin PBXVariantGroup section */
		84C4B3151EE91F4200A2E3DD /* Main.storyboard */ = {
			isa = PBXVariantGroup;
			children = (
				84C4B3161EE91F4200A2E3DD /* Base */,
			);
			name = Main.storyboard;
			sourceTree = "<group>";
		};
		84C4B31A1EE91F4200A2E3DD /* LaunchScreen.storyboard */ = {
			isa = PBXVariantGroup;
			children = (
				84C4B31B1EE91F4200A2E3DD /* Base */,
			);
			name = LaunchScreen.storyboard;
			sourceTree = "<group>";
		};
/* End PBXVariantGroup section */

/* Begin XCBuildConfiguration section */
		84C4B31E1EE91F4200A2E3DD /* Debug */ = {
			isa = XCBuildConfiguration;
			buildSettings = {
				ALWAYS_SEARCH_USER_PATHS = NO;
				CLANG_ANALYZER_NONNULL = YES;
				CLANG_ANALYZER_NUMBER_OBJECT_CONVERSION = YES_AGGRESSIVE;
				CLANG_CXX_LANGUAGE_STANDARD = "gnu++0x";
				CLANG_CXX_LIBRARY = "libc++";
				CLANG_ENABLE_MODULES = YES;
				CLANG_ENABLE_OBJC_ARC = YES;
				CLANG_WARN_BOOL_CONVERSION = YES;
				CLANG_WARN_CONSTANT_CONVERSION = YES;
				CLANG_WARN_DIRECT_OBJC_ISA_USAGE = YES_ERROR;
				CLANG_WARN_DOCUMENTATION_COMMENTS = YES;
				CLANG_WARN_EMPTY_BODY = YES;
				CLANG_WARN_ENUM_CONVERSION = YES;
				CLANG_WARN_INFINITE_RECURSION = YES;
				CLANG_WARN_INT_CONVERSION = YES;
				CLANG_WARN_OBJC_ROOT_CLASS = YES_ERROR;
				CLANG_WARN_SUSPICIOUS_MOVE = YES;
				CLANG_WARN_UNREACHABLE_CODE = YES;
				CLANG_WARN__DUPLICATE_METHOD_MATCH = YES;
				"CODE_SIGN_IDENTITY[sdk=iphoneos*]" = "iPhone Developer";
				COPY_PHASE_STRIP = NO;
				DEBUG_INFORMATION_FORMAT = dwarf;
				ENABLE_STRICT_OBJC_MSGSEND = YES;
				ENABLE_TESTABILITY = YES;
				GCC_C_LANGUAGE_STANDARD = gnu99;
				GCC_DYNAMIC_NO_PIC = NO;
				GCC_NO_COMMON_BLOCKS = YES;
				GCC_OPTIMIZATION_LEVEL = 0;
				GCC_PREPROCESSOR_DEFINITIONS = (
					"DEBUG=1",
					"$(inherited)",
				);
				GCC_WARN_64_TO_32_BIT_CONVERSION = YES;
				GCC_WARN_ABOUT_RETURN_TYPE = YES_ERROR;
				GCC_WARN_UNDECLARED_SELECTOR = YES;
				GCC_WARN_UNINITIALIZED_AUTOS = YES_AGGRESSIVE;
				GCC_WARN_UNUSED_FUNCTION = YES;
				GCC_WARN_UNUSED_VARIABLE = YES;
				IPHONEOS_DEPLOYMENT_TARGET = 10.3;
				MTL_ENABLE_DEBUG_INFO = YES;
				ONLY_ACTIVE_ARCH = YES;
				SDKROOT = iphoneos;
				TARGETED_DEVICE_FAMILY = "1,2";
			};
			name = Debug;
		};
		84C4B31F1EE91F4200A2E3DD /* Release */ = {
			isa = XCBuildConfiguration;
			buildSettings = {
				ALWAYS_SEARCH_USER_PATHS = NO;
				CLANG_ANALYZER_NONNULL = YES;
				CLANG_ANALYZER_NUMBER_OBJECT_CONVERSION = YES_AGGRESSIVE;
				CLANG_CXX_LANGUAGE_STANDARD = "gnu++0x";
				CLANG_CXX_LIBRARY = "libc++";
				CLANG_ENABLE_MODULES = YES;
				CLANG_ENABLE_OBJC_ARC = YES;
				CLANG_WARN_BOOL_CONVERSION = YES;
				CLANG_WARN_CONSTANT_CONVERSION = YES;
				CLANG_WARN_DIRECT_OBJC_ISA_USAGE = YES_ERROR;
				CLANG_WARN_DOCUMENTATION_COMMENTS = YES;
				CLANG_WARN_EMPTY_BODY = YES;
				CLANG_WARN_ENUM_CONVERSION = YES;
				CLANG_WARN_INFINITE_RECURSION = YES;
				CLANG_WARN_INT_CONVERSION = YES;
				CLANG_WARN_OBJC_ROOT_CLASS = YES_ERROR;
				CLANG_WARN_SUSPICIOUS_MOVE = YES;
				CLANG_WARN_UNREACHABLE_CODE = YES;
				CLANG_WARN__DUPLICATE_METHOD_MATCH = YES;
				"CODE_SIGN_IDENTITY[sdk=iphoneos*]" = "iPhone Developer";
				COPY_PHASE_STRIP = NO;
				DEBUG_INFORMATION_FORMAT = "dwarf-with-dsym";
				ENABLE_NS_ASSERTIONS = NO;
				ENABLE_STRICT_OBJC_MSGSEND = YES;
				GCC_C_LANGUAGE_STANDARD = gnu99;
				GCC_NO_COMMON_BLOCKS = YES;
				GCC_WARN_64_TO_32_BIT_CONVERSION = YES;
				GCC_WARN_ABOUT_RETURN_TYPE = YES_ERROR;
				GCC_WARN_UNDECLARED_SELECTOR = YES;
				GCC_WARN_UNINITIALIZED_AUTOS = YES_AGGRESSIVE;
				GCC_WARN_UNUSED_FUNCTION = YES;
				GCC_WARN_UNUSED_VARIABLE = YES;
				IPHONEOS_DEPLOYMENT_TARGET = 10.3;
				MTL_ENABLE_DEBUG_INFO = NO;
				SDKROOT = iphoneos;
				TARGETED_DEVICE_FAMILY = "1,2";
				VALIDATE_PRODUCT = YES;
			};
			name = Release;
		};
		84C4B3211EE91F4200A2E3DD /* Debug */ = {
			isa = XCBuildConfiguration;
			baseConfigurationReference = 29E7705789D5B60272576102 /* Pods-Runtime封装.debug.xcconfig */;
			buildSettings = {
				ASSETCATALOG_COMPILER_APPICON_NAME = AppIcon;
				INFOPLIST_FILE = "Runtime封装/Info.plist";
				LD_RUNPATH_SEARCH_PATHS = "$(inherited) @executable_path/Frameworks";
				PRODUCT_BUNDLE_IDENTIFIER = "LiLei.Runtime--";
				PRODUCT_NAME = "$(TARGET_NAME)";
			};
			name = Debug;
		};
		84C4B3221EE91F4200A2E3DD /* Release */ = {
			isa = XCBuildConfiguration;
			baseConfigurationReference = 01C80BA74C736539CF99DA31 /* Pods-Runtime封装.release.xcconfig */;
			buildSettings = {
				ASSETCATALOG_COMPILER_APPICON_NAME = AppIcon;
				INFOPLIST_FILE = "Runtime封装/Info.plist";
				LD_RUNPATH_SEARCH_PATHS = "$(inherited) @executable_path/Frameworks";
				PRODUCT_BUNDLE_IDENTIFIER = "LiLei.Runtime--";
				PRODUCT_NAME = "$(TARGET_NAME)";
			};
			name = Release;
		};
/* End XCBuildConfiguration section */

/* Begin XCConfigurationList section */
		84C4B3041EE91F4200A2E3DD /* Build configuration list for PBXProject "Runtime封装" */ = {
			isa = XCConfigurationList;
			buildConfigurations = (
				84C4B31E1EE91F4200A2E3DD /* Debug */,
				84C4B31F1EE91F4200A2E3DD /* Release */,
			);
			defaultConfigurationIsVisible = 0;
			defaultConfigurationName = Release;
		};
		84C4B3201EE91F4200A2E3DD /* Build configuration list for PBXNativeTarget "Runtime封装" */ = {
			isa = XCConfigurationList;
			buildConfigurations = (
				84C4B3211EE91F4200A2E3DD /* Debug */,
				84C4B3221EE91F4200A2E3DD /* Release */,
			);
			defaultConfigurationIsVisible = 0;
			defaultConfigurationName = Release;
		};
/* End XCConfigurationList section */
	};
	rootObject = 84C4B3011EE91F4200A2E3DD /* Project object */;
}
