// !$*UTF8*$!
{
	archiveVersion = 1;
	classes = {
	};
	objectVersion = 46;
	objects = {

/* Begin PBXBuildFile section */
		84ADD13C1F1CACAD00066410 /* main.m in Sources */ = {isa = PBXBuildFile; fileRef = 84ADD13B1F1CACAD00066410 /* main.m */; };
		84ADD13F1F1CACAD00066410 /* AppDelegate.m in Sources */ = {isa = PBXBuildFile; fileRef = 84ADD13E1F1CACAD00066410 /* AppDelegate.m */; };
		84ADD1421F1CACAD00066410 /* ViewController.m in Sources */ = {isa = PBXBuildFile; fileRef = 84ADD1411F1CACAD00066410 /* ViewController.m */; };
		84ADD1451F1CACAD00066410 /* Main.storyboard in Resources */ = {isa = PBXBuildFile; fileRef = 84ADD1431F1CACAD00066410 /* Main.storyboard */; };
		84ADD1471F1CACAE00066410 /* Assets.xcassets in Resources */ = {isa = PBXBuildFile; fileRef = 84ADD1461F1CACAE00066410 /* Assets.xcassets */; };
		84ADD14A1F1CACAE00066410 /* LaunchScreen.storyboard in Resources */ = {isa = PBXBuildFile; fileRef = 84ADD1481F1CACAE00066410 /* LaunchScreen.storyboard */; };
/* End PBXBuildFile section */

/* Begin PBXFileReference section */
		84ADD1371F1CACAD00066410 /* SASacnDemo.app */ = {isa = PBXFileReference; explicitFileType = wrapper.application; includeInIndex = 0; path = SASacnDemo.app; sourceTree = BUILT_PRODUCTS_DIR; };
		84ADD13B1F1CACAD00066410 /* main.m */ = {isa = PBXFileReference; lastKnownFileType = sourcecode.c.objc; path = main.m; sourceTree = "<group>"; };
		84ADD13D1F1CACAD00066410 /* AppDelegate.h */ = {isa = PBXFileReference; lastKnownFileType = sourcecode.c.h; path = AppDelegate.h; sourceTree = "<group>"; };
		84ADD13E1F1CACAD00066410 /* AppDelegate.m */ = {isa = PBXFileReference; lastKnownFileType = sourcecode.c.objc; path = AppDelegate.m; sourceTree = "<group>"; };
		84ADD1401F1CACAD00066410 /* ViewController.h */ = {isa = PBXFileReference; lastKnownFileType = sourcecode.c.h; path = ViewController.h; sourceTree = "<group>"; };
		84ADD1411F1CACAD00066410 /* ViewController.m */ = {isa = PBXFileReference; lastKnownFileType = sourcecode.c.objc; path = ViewController.m; sourceTree = "<group>"; };
		84ADD1441F1CACAD00066410 /* Base */ = {isa = PBXFileReference; lastKnownFileType = file.storyboard; name = Base; path = Base.lproj/Main.storyboard; sourceTree = "<group>"; };
		84ADD1461F1CACAE00066410 /* Assets.xcassets */ = {isa = PBXFileReference; lastKnownFileType = folder.assetcatalog; path = Assets.xcassets; sourceTree = "<group>"; };
		84ADD1491F1CACAE00066410 /* Base */ = {isa = PBXFileReference; lastKnownFileType = file.storyboard; name = Base; path = Base.lproj/LaunchScreen.storyboard; sourceTree = "<group>"; };
		84ADD14B1F1CACAE00066410 /* Info.plist */ = {isa = PBXFileReference; lastKnownFileType = text.plist.xml; path = Info.plist; sourceTree = "<group>"; };
/* End PBXFileReference section */

/* Begin PBXFrameworksBuildPhase section */
		84ADD1341F1CACAD00066410 /* Frameworks */ = {
			isa = PBXFrameworksBuildPhase;
			buildActionMask = 2147483647;
			files = (
			);
			runOnlyForDeploymentPostprocessing = 0;
		};
/* End PBXFrameworksBuildPhase section */

/* Begin PBXGroup section */
		84ADD12E1F1CACAC00066410 = {
			isa = PBXGroup;
			children = (
				84ADD1391F1CACAD00066410 /* SASacnDemo */,
				84ADD1381F1CACAD00066410 /* Products */,
			);
			sourceTree = "<group>";
		};
		84ADD1381F1CACAD00066410 /* Products */ = {
			isa = PBXGroup;
			children = (
				84ADD1371F1CACAD00066410 /* SASacnDemo.app */,
			);
			name = Products;
			sourceTree = "<group>";
		};
		84ADD1391F1CACAD00066410 /* SASacnDemo */ = {
			isa = PBXGroup;
			children = (
				84ADD13D1F1CACAD00066410 /* AppDelegate.h */,
				84ADD13E1F1CACAD00066410 /* AppDelegate.m */,
				84ADD1401F1CACAD00066410 /* ViewController.h */,
				84ADD1411F1CACAD00066410 /* ViewController.m */,
				84ADD1431F1CACAD00066410 /* Main.storyboard */,
				84ADD1461F1CACAE00066410 /* Assets.xcassets */,
				84ADD1481F1CACAE00066410 /* LaunchScreen.storyboard */,
				84ADD14B1F1CACAE00066410 /* Info.plist */,
				84ADD13A1F1CACAD00066410 /* Supporting Files */,
			);
			path = SASacnDemo;
			sourceTree = "<group>";
		};
		84ADD13A1F1CACAD00066410 /* Supporting Files */ = {
			isa = PBXGroup;
			children = (
				84ADD13B1F1CACAD00066410 /* main.m */,
			);
			name = "Supporting Files";
			sourceTree = "<group>";
		};
/* End PBXGroup section */

/* Begin PBXNativeTarget section */
		84ADD1361F1CACAD00066410 /* SASacnDemo */ = {
			isa = PBXNativeTarget;
			buildConfigurationList = 84ADD14E1F1CACAE00066410 /* Build configuration list for PBXNativeTarget "SASacnDemo" */;
			buildPhases = (
				84ADD1331F1CACAD00066410 /* Sources */,
				84ADD1341F1CACAD00066410 /* Frameworks */,
				84ADD1351F1CACAD00066410 /* Resources */,
			);
			buildRules = (
			);
			dependencies = (
			);
			name = SASacnDemo;
			productName = SASacnDemo;
			productReference = 84ADD1371F1CACAD00066410 /* SASacnDemo.app */;
			productType = "com.apple.product-type.application";
		};
/* End PBXNativeTarget section */

/* Begin PBXProject section */
		84ADD12F1F1CACAD00066410 /* Project object */ = {
			isa = PBXProject;
			attributes = {
				LastUpgradeCheck = 0830;
				ORGANIZATIONNAME = "李磊";
				TargetAttributes = {
					84ADD1361F1CACAD00066410 = {
						CreatedOnToolsVersion = 8.3.2;
						DevelopmentTeam = XDK267KQ83;
						ProvisioningStyle = Manual;
					};
				};
			};
			buildConfigurationList = 84ADD1321F1CACAD00066410 /* Build configuration list for PBXProject "SASacnDemo" */;
			compatibilityVersion = "Xcode 3.2";
			developmentRegion = English;
			hasScannedForEncodings = 0;
			knownRegions = (
				en,
				Base,
			);
			mainGroup = 84ADD12E1F1CACAC00066410;
			productRefGroup = 84ADD1381F1CACAD00066410 /* Products */;
			projectDirPath = "";
			projectRoot = "";
			targets = (
				84ADD1361F1CACAD00066410 /* SASacnDemo */,
			);
		};
/* End PBXProject section */

/* Begin PBXResourcesBuildPhase section */
		84ADD1351F1CACAD00066410 /* Resources */ = {
			isa = PBXResourcesBuildPhase;
			buildActionMask = 2147483647;
			files = (
				84ADD14A1F1CACAE00066410 /* LaunchScreen.storyboard in Resources */,
				84ADD1471F1CACAE00066410 /* Assets.xcassets in Resources */,
				84ADD1451F1CACAD00066410 /* Main.storyboard in Resources */,
			);
			runOnlyForDeploymentPostprocessing = 0;
		};
/* End PBXResourcesBuildPhase section */

/* Begin PBXSourcesBuildPhase section */
		84ADD1331F1CACAD00066410 /* Sources */ = {
			isa = PBXSourcesBuildPhase;
			buildActionMask = 2147483647;
			files = (
				84ADD1421F1CACAD00066410 /* ViewController.m in Sources */,
				84ADD13F1F1CACAD00066410 /* AppDelegate.m in Sources */,
				84ADD13C1F1CACAD00066410 /* main.m in Sources */,
			);
			runOnlyForDeploymentPostprocessing = 0;
		};
/* End PBXSourcesBuildPhase section */

/* Begin PBXVariantGroup section */
		84ADD1431F1CACAD00066410 /* Main.storyboard */ = {
			isa = PBXVariantGroup;
			children = (
				84ADD1441F1CACAD00066410 /* Base */,
			);
			name = Main.storyboard;
			sourceTree = "<group>";
		};
		84ADD1481F1CACAE00066410 /* LaunchScreen.storyboard */ = {
			isa = PBXVariantGroup;
			children = (
				84ADD1491F1CACAE00066410 /* Base */,
			);
			name = LaunchScreen.storyboard;
			sourceTree = "<group>";
		};
/* End PBXVariantGroup section */

/* Begin XCBuildConfiguration section */
		84ADD14C1F1CACAE00066410 /* Debug */ = {
			isa = XCBuildConfiguration;
			buildSettings = {
				ALWAYS_SEARCH_USER_PATHS = NO;
				CLANG_ANALYZER_NONNULL = YES;
				CLANG_ANALYZER_NUMBER_OBJECT_CONVERSION = YES_AGGRESSIVE;
				CLANG_CXX_LANGUAGE_STANDARD = "gnu++0x";
				CLANG_CXX_LIBRARY = "libc++";
				CLANG_ENABLE_MODULES = YES;
				CLANG_ENABLE_OBJC_ARC = YES;
				CLANG_WARN_BOOL_CONVERSION = YES;
				CLANG_WARN_CONSTANT_CONVERSION = YES;
				CLANG_WARN_DIRECT_OBJC_ISA_USAGE = YES_ERROR;
				CLANG_WARN_DOCUMENTATION_COMMENTS = YES;
				CLANG_WARN_EMPTY_BODY = YES;
				CLANG_WARN_ENUM_CONVERSION = YES;
				CLANG_WARN_INFINITE_RECURSION = YES;
				CLANG_WARN_INT_CONVERSION = YES;
				CLANG_WARN_OBJC_ROOT_CLASS = YES_ERROR;
				CLANG_WARN_SUSPICIOUS_MOVE = YES;
				CLANG_WARN_UNREACHABLE_CODE = YES;
				CLANG_WARN__DUPLICATE_METHOD_MATCH = YES;
				"CODE_SIGN_IDENTITY[sdk=iphoneos*]" = "iPhone Developer";
				COPY_PHASE_STRIP = NO;
				DEBUG_INFORMATION_FORMAT = dwarf;
				ENABLE_STRICT_OBJC_MSGSEND = YES;
				ENABLE_TESTABILITY = YES;
				GCC_C_LANGUAGE_STANDARD = gnu99;
				GCC_DYNAMIC_NO_PIC = NO;
				GCC_NO_COMMON_BLOCKS = YES;
				GCC_OPTIMIZATION_LEVEL = 0;
				GCC_PREPROCESSOR_DEFINITIONS = (
					"DEBUG=1",
					"$(inherited)",
				);
				GCC_WARN_64_TO_32_BIT_CONVERSION = YES;
				GCC_WARN_ABOUT_RETURN_TYPE = YES_ERROR;
				GCC_WARN_UNDECLARED_SELECTOR = YES;
				GCC_WARN_UNINITIALIZED_AUTOS = YES_AGGRESSIVE;
				GCC_WARN_UNUSED_FUNCTION = YES;
				GCC_WARN_UNUSED_VARIABLE = YES;
				IPHONEOS_DEPLOYMENT_TARGET = 10.3;
				MTL_ENABLE_DEBUG_INFO = YES;
				ONLY_ACTIVE_ARCH = YES;
				SDKROOT = iphoneos;
				TARGETED_DEVICE_FAMILY = "1,2";
			};
			name = Debug;
		};
		84ADD14D1F1CACAE00066410 /* Release */ = {
			isa = XCBuildConfiguration;
			buildSettings = {
				ALWAYS_SEARCH_USER_PATHS = NO;
				CLANG_ANALYZER_NONNULL = YES;
				CLANG_ANALYZER_NUMBER_OBJECT_CONVERSION = YES_AGGRESSIVE;
				CLANG_CXX_LANGUAGE_STANDARD = "gnu++0x";
				CLANG_CXX_LIBRARY = "libc++";
				CLANG_ENABLE_MODULES = YES;
				CLANG_ENABLE_OBJC_ARC = YES;
				CLANG_WARN_BOOL_CONVERSION = YES;
				CLANG_WARN_CONSTANT_CONVERSION = YES;
				CLANG_WARN_DIRECT_OBJC_ISA_USAGE = YES_ERROR;
				CLANG_WARN_DOCUMENTATION_COMMENTS = YES;
				CLANG_WARN_EMPTY_BODY = YES;
				CLANG_WARN_ENUM_CONVERSION = YES;
				CLANG_WARN_INFINITE_RECURSION = YES;
				CLANG_WARN_INT_CONVERSION = YES;
				CLANG_WARN_OBJC_ROOT_CLASS = YES_ERROR;
				CLANG_WARN_SUSPICIOUS_MOVE = YES;
				CLANG_WARN_UNREACHABLE_CODE = YES;
				CLANG_WARN__DUPLICATE_METHOD_MATCH = YES;
				"CODE_SIGN_IDENTITY[sdk=iphoneos*]" = "iPhone Developer";
				COPY_PHASE_STRIP = NO;
				DEBUG_INFORMATION_FORMAT = "dwarf-with-dsym";
				ENABLE_NS_ASSERTIONS = NO;
				ENABLE_STRICT_OBJC_MSGSEND = YES;
				GCC_C_LANGUAGE_STANDARD = gnu99;
				GCC_NO_COMMON_BLOCKS = YES;
				GCC_WARN_64_TO_32_BIT_CONVERSION = YES;
				GCC_WARN_ABOUT_RETURN_TYPE = YES_ERROR;
				GCC_WARN_UNDECLARED_SELECTOR = YES;
				GCC_WARN_UNINITIALIZED_AUTOS = YES_AGGRESSIVE;
				GCC_WARN_UNUSED_FUNCTION = YES;
				GCC_WARN_UNUSED_VARIABLE = YES;
				IPHONEOS_DEPLOYMENT_TARGET = 10.3;
				MTL_ENABLE_DEBUG_INFO = NO;
				SDKROOT = iphoneos;
				TARGETED_DEVICE_FAMILY = "1,2";
				VALIDATE_PRODUCT = YES;
			};
			name = Release;
		};
		84ADD14F1F1CACAE00066410 /* Debug */ = {
			isa = XCBuildConfiguration;
			buildSettings = {
				ASSETCATALOG_COMPILER_APPICON_NAME = AppIcon;
				DEVELOPMENT_TEAM = XDK267KQ83;
				INFOPLIST_FILE = SASacnDemo/Info.plist;
				IPHONEOS_DEPLOYMENT_TARGET = 8.0;
				LD_RUNPATH_SEARCH_PATHS = "$(inherited) @executable_path/Frameworks";
				PRODUCT_BUNDLE_IDENTIFIER = LiLei.SASacnDemo;
				PRODUCT_NAME = "$(TARGET_NAME)";
				PROVISIONING_PROFILE = "29ecd84c-3f95-48a3-93c4-e78021a43f29";
				PROVISIONING_PROFILE_SPECIFIER = "match Development *";
			};
			name = Debug;
		};
		84ADD1501F1CACAE00066410 /* Release */ = {
			isa = XCBuildConfiguration;
			buildSettings = {
				ASSETCATALOG_COMPILER_APPICON_NAME = AppIcon;
				DEVELOPMENT_TEAM = XDK267KQ83;
				INFOPLIST_FILE = SASacnDemo/Info.plist;
				IPHONEOS_DEPLOYMENT_TARGET = 8.0;
				LD_RUNPATH_SEARCH_PATHS = "$(inherited) @executable_path/Frameworks";
				PRODUCT_BUNDLE_IDENTIFIER = LiLei.SASacnDemo;
				PRODUCT_NAME = "$(TARGET_NAME)";
				PROVISIONING_PROFILE = "29ecd84c-3f95-48a3-93c4-e78021a43f29";
				PROVISIONING_PROFILE_SPECIFIER = "match Development *";
			};
			name = Release;
		};
/* End XCBuildConfiguration section */

/* Begin XCConfigurationList section */
		84ADD1321F1CACAD00066410 /* Build configuration list for PBXProject "SASacnDemo" */ = {
			isa = XCConfigurationList;
			buildConfigurations = (
				84ADD14C1F1CACAE00066410 /* Debug */,
				84ADD14D1F1CACAE00066410 /* Release */,
			);
			defaultConfigurationIsVisible = 0;
			defaultConfigurationName = Release;
		};
		84ADD14E1F1CACAE00066410 /* Build configuration list for PBXNativeTarget "SASacnDemo" */ = {
			isa = XCConfigurationList;
			buildConfigurations = (
				84ADD14F1F1CACAE00066410 /* Debug */,
				84ADD1501F1CACAE00066410 /* Release */,
			);
			defaultConfigurationIsVisible = 0;
		};
/* End XCConfigurationList section */
	};
	rootObject = 84ADD12F1F1CACAD00066410 /* Project object */;
}
